{
	"name": "ng2-simple-modal",
	"version": "0.1.2",
	"lockfileVersion": 1,
	"requires": true,
	"dependencies": {
		"@angular/common": {
			"version": "4.4.1",
			"resolved": "https://registry.npmjs.org/@angular/common/-/common-4.4.1.tgz",
			"integrity": "sha1-0a6izOvd0t+vcTf1V2DUVjitoko=",
			"requires": {
				"tslib": "1.7.1"
			}
		},
		"@angular/core": {
			"version": "4.4.1",
			"resolved": "https://registry.npmjs.org/@angular/core/-/core-4.4.1.tgz",
			"integrity": "sha1-o8W4BFJEhTUlPS6rF7YGAdg8wBI=",
			"requires": {
				"tslib": "1.7.1"
			}
		},
		"rxjs": {
			"version": "5.4.3",
			"resolved": "https://registry.npmjs.org/rxjs/-/rxjs-5.4.3.tgz",
			"integrity": "sha512-fSNi+y+P9ss+EZuV0GcIIqPUK07DEaMRUtLJvdcvMyFjc9dizuDjere+A4V7JrLGnm9iCc+nagV/4QdMTkqC4A==",
			"requires": {
				"symbol-observable": "1.0.4"
			}
		},
		"symbol-observable": {
			"version": "1.0.4",
			"resolved": "https://registry.npmjs.org/symbol-observable/-/symbol-observable-1.0.4.tgz",
			"integrity": "sha1-Kb9hXUqnEhvdiYsi1LP5vE4qoD0="
		},
		"tslib": {
			"version": "1.7.1",
			"resolved": "https://registry.npmjs.org/tslib/-/tslib-1.7.1.tgz",
			"integrity": "sha1-vIAEFkaRkjp5/oN4u+s9ogF1OOw="
		}
	}
}
